
Microsoft Visual Studio Solution File, Format Version 12.00
# Visual Studio Version 16
VisualStudioVersion = 16.0.32002.261
MinimumVisualStudioVersion = 10.0.40219.1
Project("{FAE04EC0-301F-11D3-BF4B-00C04F79EFBC}") = "Localization", "Localization\Localization.csproj", "{8DE7EC84-ABFF-4E90-B81B-A8A1CF8022DA}"
EndProject
Global
	GlobalSection(SolutionConfigurationPlatforms) = preSolution
		Debug|Any CPU = Debug|Any CPU
		Release|Any CPU = Release|Any CPU
	EndGlobalSection
	GlobalSection(ProjectConfigurationPlatforms) = postSolution
		{8DE7EC84-ABFF-4E90-B81B-A8A1CF8022DA}.Debug|Any CPU.ActiveCfg = Debug|Any CPU
		{8DE7EC84-ABFF-4E90-B81B-A8A1CF8022DA}.Debug|Any CPU.Build.0 = Debug|Any CPU
		{8DE7EC84-ABFF-4E90-B81B-A8A1CF8022DA}.Release|Any CPU.ActiveCfg = Release|Any CPU
		{8DE7EC84-ABFF-4E90-B81B-A8A1CF8022DA}.Release|Any CPU.Build.0 = Release|Any CPU
	EndGlobalSection
	GlobalSection(SolutionProperties) = preSolution
		HideSolutionNode = FALSE
	EndGlobalSection
	GlobalSection(ExtensibilityGlobals) = postSolution
		SolutionGuid = {9F010CA2-B0C6-46F0-BE37-6793327B15F9}
	EndGlobalSection
EndGlobal
